
Microsoft Visual Studio Solution File, Format Version 12.00
# Visual Studio Version 16
VisualStudioVersion = 25.0.1700.0
MinimumVisualStudioVersion = 10.0.40219.1
Project("{FAE04EC0-301F-11D3-BF4B-00C04F79EFBC}") = "ThisProject", "ThisProject.csproj", "{7ED5645F-5458-4B52-A584-6C28862F84E8}"
EndProject
Global
	GlobalSection(SolutionConfigurationPlatforms) = preSolution
		Debug|Any CPU = Debug|Any CPU
		Release|Any CPU = Release|Any CPU
	EndGlobalSection
	GlobalSection(ProjectConfigurationPlatforms) = postSolution
		{7ED5645F-5458-4B52-A584-6C28862F84E8}.Debug|Any CPU.ActiveCfg = Debug|Any CPU
		{7ED5645F-5458-4B52-A584-6C28862F84E8}.Debug|Any CPU.Build.0 = Debug|Any CPU
		{7ED5645F-5458-4B52-A584-6C28862F84E8}.Release|Any CPU.ActiveCfg = Release|Any CPU
		{7ED5645F-5458-4B52-A584-6C28862F84E8}.Release|Any CPU.Build.0 = Release|Any CPU
	EndGlobalSection
	GlobalSection(SolutionProperties) = preSolution
		HideSolutionNode = FALSE
	EndGlobalSection
	GlobalSection(ExtensibilityGlobals) = postSolution
		SolutionGuid = {4A021840-B368-449D-9200-03865EE77525}
	EndGlobalSection
EndGlobal
